<?xml version="1.0" encoding="utf-8"?>
<Project ToolsVersion="4.0" xmlns="http://schemas.microsoft.com/developer/msbuild/2003">
  <ItemGroup>
    <Filter Include="Client Files">
      <UniqueIdentifier>{3c4a25b9-f046-4cba-bdf7-59ad7ed05e33}</UniqueIdentifier>
    </Filter>
    <Filter Include="Main">
      <UniqueIdentifier>{a6a29c8d-10a7-4bd9-b764-839e42ef16b4}</UniqueIdentifier>
    </Filter>
    <Filter Include="BZip2">
      <UniqueIdentifier>{443460b7-6026-43d5-a8b8-69d4b4f640f2}</UniqueIdentifier>
    </Filter>
    <Filter Include="BZip2Wrapper">
      <UniqueIdentifier>{addcb1a7-5207-46ca-95c0-e70ae1b05849}</UniqueIdentifier>
    </Filter>
    <Filter Include="GFx3">
      <UniqueIdentifier>{95de5f4b-fa86-4be6-adfd-6c6400652800}</UniqueIdentifier>
    </Filter>
  </ItemGroup>
  <ItemGroup>
    <ClCompile Include="..\..\DependentExtensions\Autopatcher\ApplyPatch.cpp">
      <Filter>Client Files</Filter>
    </ClCompile>
    <ClCompile Include="..\..\DependentExtensions\Autopatcher\AutopatcherClient.cpp">
      <Filter>Client Files</Filter>
    </ClCompile>
    <ClCompile Include="AutopatcherClientGFx3Impl.cpp">
      <Filter>Main</Filter>
    </ClCompile>
    <ClCompile Include="..\..\DependentExtensions\bzip2-1.0.6\blocksort.c">
      <Filter>BZip2</Filter>
    </ClCompile>
    <ClCompile Include="..\..\DependentExtensions\bzip2-1.0.6\bzip2.c">
      <Filter>BZip2</Filter>
    </ClCompile>
    <ClCompile Include="..\..\DependentExtensions\bzip2-1.0.6\bzlib.c">
      <Filter>BZip2</Filter>
    </ClCompile>
    <ClCompile Include="..\..\DependentExtensions\bzip2-1.0.6\compress.c">
      <Filter>BZip2</Filter>
    </ClCompile>
    <ClCompile Include="..\..\DependentExtensions\bzip2-1.0.6\crctable.c">
      <Filter>BZip2</Filter>
    </ClCompile>
    <ClCompile Include="..\..\DependentExtensions\bzip2-1.0.6\decompress.c">
      <Filter>BZip2</Filter>
    </ClCompile>
    <ClCompile Include="..\..\DependentExtensions\bzip2-1.0.6\huffman.c">
      <Filter>BZip2</Filter>
    </ClCompile>
    <ClCompile Include="..\..\DependentExtensions\bzip2-1.0.6\randtable.c">
      <Filter>BZip2</Filter>
    </ClCompile>
    <ClCompile Include="..\..\DependentExtensions\Autopatcher\MemoryCompressor.cpp">
      <Filter>BZip2Wrapper</Filter>
    </ClCompile>
    <ClCompile Include="..\..\DependentExtensions\GFx3\FxGameDelegate.cpp">
      <Filter>GFx3</Filter>
    </ClCompile>
    <ClCompile Include="GFxPlayerTinyD3D9.cpp">
      <Filter>GFx3</Filter>
    </ClCompile>
  </ItemGroup>
  <ItemGroup>
    <ClInclude Include="..\..\DependentExtensions\Autopatcher\ApplyPatch.h">
      <Filter>Client Files</Filter>
    </ClInclude>
    <ClInclude Include="..\..\DependentExtensions\Autopatcher\AutopatcherClient.h">
      <Filter>Client Files</Filter>
    </ClInclude>
    <ClInclude Include="..\..\Source\AutopatcherPatchContext.h">
      <Filter>Client Files</Filter>
    </ClInclude>
    <ClInclude Include="AutopatcherClientGFx3Impl.h">
      <Filter>Main</Filter>
    </ClInclude>
    <ClInclude Include="..\..\DependentExtensions\bzip2-1.0.6\bzlib.h">
      <Filter>BZip2</Filter>
    </ClInclude>
    <ClInclude Include="..\..\DependentExtensions\bzip2-1.0.6\bzlib_private.h">
      <Filter>BZip2</Filter>
    </ClInclude>
    <ClInclude Include="..\..\DependentExtensions\Autopatcher\MemoryCompressor.h">
      <Filter>BZip2Wrapper</Filter>
    </ClInclude>
    <ClInclude Include="..\..\DependentExtensions\GFx3\FxGameDelegate.h">
      <Filter>GFx3</Filter>
    </ClInclude>
  </ItemGroup>
  <ItemGroup>
    <None Include="readme.txt" />
  </ItemGroup>
</Project>